
Microsoft Visual Studio Solution File, Format Version 12.00
# Visual Studio Version 17
VisualStudioVersion = 17.2.32616.157
MinimumVisualStudioVersion = 10.0.40219.1
Project("{FAE04EC0-301F-11D3-BF4B-00C04F79EFBC}") = "ChatApp.Bot", "ChatApp.Bot\ChatApp.Bot.csproj", "{C3EC9620-C6E1-446C-8AD2-ADE727E4569B}"
EndProject
Global
	GlobalSection(SolutionConfigurationPlatforms) = preSolution
		Debug|Any CPU = Debug|Any CPU
		Release|Any CPU = Release|Any CPU
	EndGlobalSection
	GlobalSection(ProjectConfigurationPlatforms) = postSolution
		{C3EC9620-C6E1-446C-8AD2-ADE727E4569B}.Debug|Any CPU.ActiveCfg = Debug|Any CPU
		{C3EC9620-C6E1-446C-8AD2-ADE727E4569B}.Debug|Any CPU.Build.0 = Debug|Any CPU
		{C3EC9620-C6E1-446C-8AD2-ADE727E4569B}.Release|Any CPU.ActiveCfg = Release|Any CPU
		{C3EC9620-C6E1-446C-8AD2-ADE727E4569B}.Release|Any CPU.Build.0 = Release|Any CPU
	EndGlobalSection
	GlobalSection(SolutionProperties) = preSolution
		HideSolutionNode = FALSE
	EndGlobalSection
	GlobalSection(ExtensibilityGlobals) = postSolution
		SolutionGuid = {24AC587C-1ADA-42F3-803F-F77575C7884B}
	EndGlobalSection
EndGlobal
